# This file is autogenerated, do not edit; changes may be undone by the next 'dep ensure'.


[[projects]]
  branch = "master"
  digest = "1:18f7247d538044b206ccd19b326c7e9435abd158d6f489529bf88a68ec46c520"
  name = "github.com/alfredyang1986/BmServiceDef"
  packages = [
    "BmPanic",
    "BmSingleton",
  ]
  pruneopts = "UT"
  revision = "4a3bee506a2c4539d86256000a29b21a327bb698"

[[projects]]
  branch = "master"
  digest = "1:68fbf6f942598bd74fe86aee57a60a0490436fa5b7e08347864f21dd21dd032f"
  name = "github.com/antchfx/antch"
  packages = ["."]
  pruneopts = "UT"
  revision = "82a4cbf77d196c24b2ea8ee8d6301ae6ab66ddf4"

[[projects]]
  branch = "master"
  digest = "1:d500496d898be3381278b5b323442f1060d7fead0d2159e126ff6a60da6f8ab0"
  name = "github.com/antchfx/htmlquery"
  packages = ["."]
  pruneopts = "UT"
  revision = "b8d36292614567671decfe6f96c7b8c432d3249b"

[[projects]]
  branch = "master"
  digest = "1:1d692605b66a4fbe2a3de27131619e8e2c88ccf142ee43a7a8c902339942e0cc"
  name = "github.com/antchfx/jsonquery"
  packages = ["."]
  pruneopts = "UT"
  revision = "a2896be8c82bb2229d1cf26204863180e34b2b31"

[[projects]]
  branch = "master"
  digest = "1:a9f01548dc83b8617f1d74f6ea558c18e67b889915956ebe93b50948dc75e8f5"
  name = "github.com/antchfx/xmlquery"
  packages = ["."]
  pruneopts = "UT"
  revision = "8bd964f5eef5a1f086493b5941caae5d3daf76f1"

[[projects]]
  branch = "master"
  digest = "1:7e4a9eaa42cb3b4cd48bd0cd2072a029fe25a47af20cfac529ea8c365f8559ac"
  name = "github.com/antchfx/xpath"
  packages = ["."]
  pruneopts = "UT"
  revision = "c8489ed3251e7d55ec2b7f18a2bc3a9a7222f0af"

[[projects]]
  digest = "1:4d2e5a73dc1500038e504a8d78b986630e3626dc027bc030ba5c75da257cdb96"
  name = "github.com/go-yaml/yaml"
  packages = ["."]
  pruneopts = "UT"
  revision = "51d6538a90f86fe93ac480b35f37b2be17fef232"
  version = "v2.2.2"

[[projects]]
  branch = "master"
  digest = "1:11cdcddc4e9072d0698be2a2b58b183654e1399d9c475987427ed0cb4f6f0039"
  name = "github.com/temoto/robotstxt"
  packages = ["."]
  pruneopts = "UT"
  revision = "97ee4a9ee6ea01ed0bbf0325dd789f74cac6cb94"

[[projects]]
  branch = "master"
  digest = "1:fc8fbcef5a39d12122136fd19202a4664a5fe6ac4d7107c7436c08d7b9efa24a"
  name = "golang.org/x/net"
  packages = [
    "html",
    "html/atom",
    "html/charset",
    "idna",
    "internal/socks",
    "proxy",
    "publicsuffix",
  ]
  pruneopts = "UT"
  revision = "56fb01167e7d1e1d17dd87993d34c963f4356e87"

[[projects]]
  branch = "master"
  digest = "1:b180638540942d1340fd65dd3aca68630a92cf87e07a35f3fe3160ccf0ca55a5"
  name = "golang.org/x/text"
  packages = [
    "collate",
    "collate/build",
    "encoding",
    "encoding/charmap",
    "encoding/htmlindex",
    "encoding/internal",
    "encoding/internal/identifier",
    "encoding/japanese",
    "encoding/korean",
    "encoding/simplifiedchinese",
    "encoding/traditionalchinese",
    "encoding/unicode",
    "internal/colltab",
    "internal/gen",
    "internal/language",
    "internal/language/compact",
    "internal/tag",
    "internal/triegen",
    "internal/ucd",
    "internal/utf8internal",
    "language",
    "runes",
    "secure/bidirule",
    "transform",
    "unicode/bidi",
    "unicode/cldr",
    "unicode/norm",
    "unicode/rangetable",
  ]
  pruneopts = "UT"
  revision = "5d731a35f4867878fc89f7744f7b6debb3beded6"

[solve-meta]
  analyzer-name = "dep"
  analyzer-version = 1
  input-imports = [
    "github.com/alfredyang1986/BmServiceDef/BmPanic",
    "github.com/alfredyang1986/BmServiceDef/BmSingleton",
    "github.com/antchfx/antch",
    "github.com/antchfx/htmlquery",
    "github.com/go-yaml/yaml",
  ]
  solver-name = "gps-cdcl"
  solver-version = 1
